// !$*UTF8*$!
{
	archiveVersion = 1;
	classes = {
	};
	objectVersion = 51;
	objects = {

/* Begin PBXBuildFile section */
		024049D29FE355E209E14E89 /* Pods_FinanceStackAppTests.framework in Frameworks */ = {isa = PBXBuildFile; fileRef = 4956D3CCB9EA76CD0C3532D1 /* Pods_FinanceStackAppTests.framework */; };
		1D7BD55516C803FEF312244E /* Pods_FinanceStackApp.framework in Frameworks */ = {isa = PBXBuildFile; fileRef = DD8E6C75DAD579DEB84C280C /* Pods_FinanceStackApp.framework */; };
		B00AD98726468A400052E7A3 /* Main.storyboard in Resources */ = {isa = PBXBuildFile; fileRef = B00AD98526468A400052E7A3 /* Main.storyboard */; };
		B00AD98926468A400052E7A3 /* Assets.xcassets in Resources */ = {isa = PBXBuildFile; fileRef = B00AD98826468A400052E7A3 /* Assets.xcassets */; };
		B00AD98C26468A400052E7A3 /* LaunchScreen.storyboard in Resources */ = {isa = PBXBuildFile; fileRef = B00AD98A26468A400052E7A3 /* LaunchScreen.storyboard */; };
		B00AD9E626487E150052E7A3 /* UITableViewCell+Reusable.swift in Sources */ = {isa = PBXBuildFile; fileRef = B00AD9E526487E150052E7A3 /* UITableViewCell+Reusable.swift */; };
		B00AD9EF26488F330052E7A3 /* APIConfiguration.swift in Sources */ = {isa = PBXBuildFile; fileRef = B00AD9EC26488F330052E7A3 /* APIConfiguration.swift */; };
		B00AD9F026488F330052E7A3 /* APIManagerInput.swift in Sources */ = {isa = PBXBuildFile; fileRef = B00AD9ED26488F330052E7A3 /* APIManagerInput.swift */; };
		B00AD9F126488F330052E7A3 /* APIManager.swift in Sources */ = {isa = PBXBuildFile; fileRef = B00AD9EE26488F330052E7A3 /* APIManager.swift */; };
		B06B79F7264FC43E00B3F3D9 /* URL+GetParams.swift in Sources */ = {isa = PBXBuildFile; fileRef = B06B79F6264FC43E00B3F3D9 /* URL+GetParams.swift */; };
		B06B79FB264FC45A00B3F3D9 /* HTTPURLResponse+Success.swift in Sources */ = {isa = PBXBuildFile; fileRef = B06B79FA264FC45A00B3F3D9 /* HTTPURLResponse+Success.swift */; };
		B06B7A04264FC4BE00B3F3D9 /* APIManagerTests.swift in Sources */ = {isa = PBXBuildFile; fileRef = B06B7A03264FC4BE00B3F3D9 /* APIManagerTests.swift */; };
		B06B7A0A264FC59700B3F3D9 /* URLProtocolSpy.swift in Sources */ = {isa = PBXBuildFile; fileRef = B06B7A09264FC59700B3F3D9 /* URLProtocolSpy.swift */; };
		B06B7A10264FDAEE00B3F3D9 /* XCTestCase+DummyAPIResponse.swift in Sources */ = {isa = PBXBuildFile; fileRef = B06B7A0F264FDAEE00B3F3D9 /* XCTestCase+DummyAPIResponse.swift */; };
		B06B7A16264FDE6700B3F3D9 /* ApiConstants.swift in Sources */ = {isa = PBXBuildFile; fileRef = B06B7A15264FDE6700B3F3D9 /* ApiConstants.swift */; };
		B06B7A22264FF0F100B3F3D9 /* StockViewState.swift in Sources */ = {isa = PBXBuildFile; fileRef = B06B7A21264FF0F100B3F3D9 /* StockViewState.swift */; };
		B06B7A26264FF10900B3F3D9 /* Array+StockModel.swift in Sources */ = {isa = PBXBuildFile; fileRef = B06B7A25264FF10900B3F3D9 /* Array+StockModel.swift */; };
		B06B7A3026504FEB00B3F3D9 /* Array+OptionalMinMax.swift in Sources */ = {isa = PBXBuildFile; fileRef = B06B7A2F26504FEB00B3F3D9 /* Array+OptionalMinMax.swift */; };
		B06B7A3D2650554400B3F3D9 /* StockDetailViewController.swift in Sources */ = {isa = PBXBuildFile; fileRef = B06B7A362650554400B3F3D9 /* StockDetailViewController.swift */; };
		B06B7A3E2650554400B3F3D9 /* StockDetailVM.swift in Sources */ = {isa = PBXBuildFile; fileRef = B06B7A382650554400B3F3D9 /* StockDetailVM.swift */; };
		B06B7A3F2650554400B3F3D9 /* StockDetailCoordinator.swift in Sources */ = {isa = PBXBuildFile; fileRef = B06B7A3A2650554400B3F3D9 /* StockDetailCoordinator.swift */; };
		B06B7A402650554400B3F3D9 /* StockDetailViewModel.swift in Sources */ = {isa = PBXBuildFile; fileRef = B06B7A3C2650554400B3F3D9 /* StockDetailViewModel.swift */; };
		B07F2C06264EB6FE00987A10 /* Coordinator.swift in Sources */ = {isa = PBXBuildFile; fileRef = B07F2C05264EB6FE00987A10 /* Coordinator.swift */; };
		B07F2C23264EB8E100987A10 /* StockListViewModel.swift in Sources */ = {isa = PBXBuildFile; fileRef = B07F2C16264EB8E100987A10 /* StockListViewModel.swift */; };
		B07F2C24264EB8E100987A10 /* StockListCell.swift in Sources */ = {isa = PBXBuildFile; fileRef = B07F2C18264EB8E100987A10 /* StockListCell.swift */; };
		B07F2C25264EB8E100987A10 /* StockListViewController.swift in Sources */ = {isa = PBXBuildFile; fileRef = B07F2C19264EB8E100987A10 /* StockListViewController.swift */; };
		B07F2C26264EB8E100987A10 /* StockViewModel.swift in Sources */ = {isa = PBXBuildFile; fileRef = B07F2C1B264EB8E100987A10 /* StockViewModel.swift */; };
		B07F2C27264EB8E100987A10 /* StockListResponse.swift in Sources */ = {isa = PBXBuildFile; fileRef = B07F2C1D264EB8E100987A10 /* StockListResponse.swift */; };
		B07F2C28264EB8E100987A10 /* StockListAPIConfiguration.swift in Sources */ = {isa = PBXBuildFile; fileRef = B07F2C1E264EB8E100987A10 /* StockListAPIConfiguration.swift */; };
		B07F2C29264EB8E100987A10 /* StockClient.swift in Sources */ = {isa = PBXBuildFile; fileRef = B07F2C1F264EB8E100987A10 /* StockClient.swift */; };
		B07F2C2A264EB8E100987A10 /* StockListClient.swift in Sources */ = {isa = PBXBuildFile; fileRef = B07F2C20264EB8E100987A10 /* StockListClient.swift */; };
		B07F2C2B264EB8E100987A10 /* StockListCoordinator.swift in Sources */ = {isa = PBXBuildFile; fileRef = B07F2C22264EB8E100987A10 /* StockListCoordinator.swift */; };
		B07F2C3B264EE0DD00987A10 /* DateFormattingHelper.swift in Sources */ = {isa = PBXBuildFile; fileRef = B07F2C3A264EE0DD00987A10 /* DateFormattingHelper.swift */; };
		B07F2C3F264EE24400987A10 /* CurrencyFormattingHelper.swift in Sources */ = {isa = PBXBuildFile; fileRef = B07F2C3E264EE24400987A10 /* CurrencyFormattingHelper.swift */; };
		B07F2C43264EE2C400987A10 /* Locale+US.swift in Sources */ = {isa = PBXBuildFile; fileRef = B07F2C42264EE2C400987A10 /* Locale+US.swift */; };
		B07F2C4B264EE3F700987A10 /* StockListAPIConstants.swift in Sources */ = {isa = PBXBuildFile; fileRef = B07F2C4A264EE3F700987A10 /* StockListAPIConstants.swift */; };
		B07F2C55264F0B0700987A10 /* XCTestCase+DummyResponse.swift in Sources */ = {isa = PBXBuildFile; fileRef = B07F2C54264F0B0700987A10 /* XCTestCase+DummyResponse.swift */; };
		B07F2C5D264F0DA000987A10 /* SearchQueryService.swift in Sources */ = {isa = PBXBuildFile; fileRef = B07F2C5C264F0DA000987A10 /* SearchQueryService.swift */; };
		B07F2C6B264F19CD00987A10 /* SearchQueryServiceTests.swift in Sources */ = {isa = PBXBuildFile; fileRef = B07F2C67264F19CD00987A10 /* SearchQueryServiceTests.swift */; };
		B07F2C6C264F19CD00987A10 /* StockListViewModelTests.swift in Sources */ = {isa = PBXBuildFile; fileRef = B07F2C68264F19CD00987A10 /* StockListViewModelTests.swift */; };
		B07F2C6D264F19CD00987A10 /* StockClientTests.swift in Sources */ = {isa = PBXBuildFile; fileRef = B07F2C6A264F19CD00987A10 /* StockClientTests.swift */; };
		B07F2C7D264F1A7600987A10 /* StockDetailViewModelTests.swift in Sources */ = {isa = PBXBuildFile; fileRef = B07F2C7C264F1A7600987A10 /* StockDetailViewModelTests.swift */; };
		B0E19FB7264DE00800F0233E /* XCTestCase+MemoryLeak.swift in Sources */ = {isa = PBXBuildFile; fileRef = B0E19FB6264DE00800F0233E /* XCTestCase+MemoryLeak.swift */; };
		B0ED3844264C525400AB2A9F /* AppDelegate.swift in Sources */ = {isa = PBXBuildFile; fileRef = B0ED383F264C525400AB2A9F /* AppDelegate.swift */; };
		B0ED38C8264C5EAE00AB2A9F /* StoryboardHelper.swift in Sources */ = {isa = PBXBuildFile; fileRef = B0ED38C7264C5EAE00AB2A9F /* StoryboardHelper.swift */; };
/* End PBXBuildFile section */

/* Begin PBXContainerItemProxy section */
		B00AD99326468A410052E7A3 /* PBXContainerItemProxy */ = {
			isa = PBXContainerItemProxy;
			containerPortal = B00AD97426468A400052E7A3 /* Project object */;
			proxyType = 1;
			remoteGlobalIDString = B00AD97B26468A400052E7A3;
			remoteInfo = FinanceStackApp;
		};
/* End PBXContainerItemProxy section */

/* Begin PBXFileReference section */
		3DDB8E2460B9A0B5FABA5367 /* Pods-FinanceStackApp.debug.xcconfig */ = {isa = PBXFileReference; includeInIndex = 1; lastKnownFileType = text.xcconfig; name = "Pods-FinanceStackApp.debug.xcconfig"; path = "Target Support Files/Pods-FinanceStackApp/Pods-FinanceStackApp.debug.xcconfig"; sourceTree = "<group>"; };
		45BB767C201E5E30213DB354 /* Pods-FinanceStackApp-FinanceStackAppUITests.release.xcconfig */ = {isa = PBXFileReference; includeInIndex = 1; lastKnownFileType = text.xcconfig; name = "Pods-FinanceStackApp-FinanceStackAppUITests.release.xcconfig"; path = "Target Support Files/Pods-FinanceStackApp-FinanceStackAppUITests/Pods-FinanceStackApp-FinanceStackAppUITests.release.xcconfig"; sourceTree = "<group>"; };
		4956D3CCB9EA76CD0C3532D1 /* Pods_FinanceStackAppTests.framework */ = {isa = PBXFileReference; explicitFileType = wrapper.framework; includeInIndex = 0; path = Pods_FinanceStackAppTests.framework; sourceTree = BUILT_PRODUCTS_DIR; };
		630BB5CB1F4239C7DF77D1AD /* Pods-FinanceStackAppTests.debug.xcconfig */ = {isa = PBXFileReference; includeInIndex = 1; lastKnownFileType = text.xcconfig; name = "Pods-FinanceStackAppTests.debug.xcconfig"; path = "Target Support Files/Pods-FinanceStackAppTests/Pods-FinanceStackAppTests.debug.xcconfig"; sourceTree = "<group>"; };
		6793ED1E74F2B0CDF357CA98 /* Pods_FinanceStackApp_FinanceStackAppUITests.framework */ = {isa = PBXFileReference; explicitFileType = wrapper.framework; includeInIndex = 0; path = Pods_FinanceStackApp_FinanceStackAppUITests.framework; sourceTree = BUILT_PRODUCTS_DIR; };
		967D4DD11DB86CABD887A12D /* Pods-FinanceStackApp-FinanceStackAppUITests.debug.xcconfig */ = {isa = PBXFileReference; includeInIndex = 1; lastKnownFileType = text.xcconfig; name = "Pods-FinanceStackApp-FinanceStackAppUITests.debug.xcconfig"; path = "Target Support Files/Pods-FinanceStackApp-FinanceStackAppUITests/Pods-FinanceStackApp-FinanceStackAppUITests.debug.xcconfig"; sourceTree = "<group>"; };
		B00AD97C26468A400052E7A3 /* FinanceStackApp.app */ = {isa = PBXFileReference; explicitFileType = wrapper.application; includeInIndex = 0; path = FinanceStackApp.app; sourceTree = BUILT_PRODUCTS_DIR; };
		B00AD98626468A400052E7A3 /* Base */ = {isa = PBXFileReference; lastKnownFileType = file.storyboard; name = Base; path = Base.lproj/Main.storyboard; sourceTree = "<group>"; };
		B00AD98826468A400052E7A3 /* Assets.xcassets */ = {isa = PBXFileReference; lastKnownFileType = folder.assetcatalog; path = Assets.xcassets; sourceTree = "<group>"; };
		B00AD98B26468A400052E7A3 /* Base */ = {isa = PBXFileReference; lastKnownFileType = file.storyboard; name = Base; path = Base.lproj/LaunchScreen.storyboard; sourceTree = "<group>"; };
		B00AD98D26468A400052E7A3 /* Info.plist */ = {isa = PBXFileReference; lastKnownFileType = text.plist.xml; path = Info.plist; sourceTree = "<group>"; };
		B00AD99226468A410052E7A3 /* FinanceStackAppTests.xctest */ = {isa = PBXFileReference; explicitFileType = wrapper.cfbundle; includeInIndex = 0; path = FinanceStackAppTests.xctest; sourceTree = BUILT_PRODUCTS_DIR; };
		B00AD99826468A410052E7A3 /* Info.plist */ = {isa = PBXFileReference; lastKnownFileType = text.plist.xml; path = Info.plist; sourceTree = "<group>"; };
		B00AD9E526487E150052E7A3 /* UITableViewCell+Reusable.swift */ = {isa = PBXFileReference; lastKnownFileType = sourcecode.swift; path = "UITableViewCell+Reusable.swift"; sourceTree = "<group>"; };
		B00AD9EC26488F330052E7A3 /* APIConfiguration.swift */ = {isa = PBXFileReference; fileEncoding = 4; lastKnownFileType = sourcecode.swift; path = APIConfiguration.swift; sourceTree = "<group>"; };
		B00AD9ED26488F330052E7A3 /* APIManagerInput.swift */ = {isa = PBXFileReference; fileEncoding = 4; lastKnownFileType = sourcecode.swift; path = APIManagerInput.swift; sourceTree = "<group>"; };
		B00AD9EE26488F330052E7A3 /* APIManager.swift */ = {isa = PBXFileReference; fileEncoding = 4; lastKnownFileType = sourcecode.swift; path = APIManager.swift; sourceTree = "<group>"; };
		B06B79F6264FC43E00B3F3D9 /* URL+GetParams.swift */ = {isa = PBXFileReference; lastKnownFileType = sourcecode.swift; path = "URL+GetParams.swift"; sourceTree = "<group>"; };
		B06B79FA264FC45A00B3F3D9 /* HTTPURLResponse+Success.swift */ = {isa = PBXFileReference; lastKnownFileType = sourcecode.swift; path = "HTTPURLResponse+Success.swift"; sourceTree = "<group>"; };
		B06B7A03264FC4BE00B3F3D9 /* APIManagerTests.swift */ = {isa = PBXFileReference; lastKnownFileType = sourcecode.swift; path = APIManagerTests.swift; sourceTree = "<group>"; };
		B06B7A09264FC59700B3F3D9 /* URLProtocolSpy.swift */ = {isa = PBXFileReference; fileEncoding = 4; lastKnownFileType = sourcecode.swift; path = URLProtocolSpy.swift; sourceTree = "<group>"; };
		B06B7A0F264FDAEE00B3F3D9 /* XCTestCase+DummyAPIResponse.swift */ = {isa = PBXFileReference; lastKnownFileType = sourcecode.swift; path = "XCTestCase+DummyAPIResponse.swift"; sourceTree = "<group>"; };
		B06B7A15264FDE6700B3F3D9 /* ApiConstants.swift */ = {isa = PBXFileReference; fileEncoding = 4; lastKnownFileType = sourcecode.swift; path = ApiConstants.swift; sourceTree = "<group>"; };
		B06B7A21264FF0F100B3F3D9 /* StockViewState.swift */ = {isa = PBXFileReference; lastKnownFileType = sourcecode.swift; path = StockViewState.swift; sourceTree = "<group>"; };
		B06B7A25264FF10900B3F3D9 /* Array+StockModel.swift */ = {isa = PBXFileReference; lastKnownFileType = sourcecode.swift; path = "Array+StockModel.swift"; sourceTree = "<group>"; };
		B06B7A2F26504FEB00B3F3D9 /* Array+OptionalMinMax.swift */ = {isa = PBXFileReference; lastKnownFileType = sourcecode.swift; path = "Array+OptionalMinMax.swift"; sourceTree = "<group>"; };
		B06B7A362650554400B3F3D9 /* StockDetailViewController.swift */ = {isa = PBXFileReference; fileEncoding = 4; lastKnownFileType = sourcecode.swift; path = StockDetailViewController.swift; sourceTree = "<group>"; };
		B06B7A382650554400B3F3D9 /* StockDetailVM.swift */ = {isa = PBXFileReference; fileEncoding = 4; lastKnownFileType = sourcecode.swift; path = StockDetailVM.swift; sourceTree = "<group>"; };
		B06B7A3A2650554400B3F3D9 /* StockDetailCoordinator.swift */ = {isa = PBXFileReference; fileEncoding = 4; lastKnownFileType = sourcecode.swift; path = StockDetailCoordinator.swift; sourceTree = "<group>"; };
		B06B7A3C2650554400B3F3D9 /* StockDetailViewModel.swift */ = {isa = PBXFileReference; fileEncoding = 4; lastKnownFileType = sourcecode.swift; path = StockDetailViewModel.swift; sourceTree = "<group>"; };
		B07F2C05264EB6FE00987A10 /* Coordinator.swift */ = {isa = PBXFileReference; fileEncoding = 4; lastKnownFileType = sourcecode.swift; path = Coordinator.swift; sourceTree = "<group>"; };
		B07F2C16264EB8E100987A10 /* StockListViewModel.swift */ = {isa = PBXFileReference; fileEncoding = 4; lastKnownFileType = sourcecode.swift; path = StockListViewModel.swift; sourceTree = "<group>"; };
		B07F2C18264EB8E100987A10 /* StockListCell.swift */ = {isa = PBXFileReference; fileEncoding = 4; lastKnownFileType = sourcecode.swift; path = StockListCell.swift; sourceTree = "<group>"; };
		B07F2C19264EB8E100987A10 /* StockListViewController.swift */ = {isa = PBXFileReference; fileEncoding = 4; lastKnownFileType = sourcecode.swift; path = StockListViewController.swift; sourceTree = "<group>"; };
		B07F2C1B264EB8E100987A10 /* StockViewModel.swift */ = {isa = PBXFileReference; fileEncoding = 4; lastKnownFileType = sourcecode.swift; path = StockViewModel.swift; sourceTree = "<group>"; };
		B07F2C1D264EB8E100987A10 /* StockListResponse.swift */ = {isa = PBXFileReference; fileEncoding = 4; lastKnownFileType = sourcecode.swift; path = StockListResponse.swift; sourceTree = "<group>"; };
		B07F2C1E264EB8E100987A10 /* StockListAPIConfiguration.swift */ = {isa = PBXFileReference; fileEncoding = 4; lastKnownFileType = sourcecode.swift; path = StockListAPIConfiguration.swift; sourceTree = "<group>"; };
		B07F2C1F264EB8E100987A10 /* StockClient.swift */ = {isa = PBXFileReference; fileEncoding = 4; lastKnownFileType = sourcecode.swift; path = StockClient.swift; sourceTree = "<group>"; };
		B07F2C20264EB8E100987A10 /* StockListClient.swift */ = {isa = PBXFileReference; fileEncoding = 4; lastKnownFileType = sourcecode.swift; path = StockListClient.swift; sourceTree = "<group>"; };
		B07F2C22264EB8E100987A10 /* StockListCoordinator.swift */ = {isa = PBXFileReference; fileEncoding = 4; lastKnownFileType = sourcecode.swift; path = StockListCoordinator.swift; sourceTree = "<group>"; };
		B07F2C3A264EE0DD00987A10 /* DateFormattingHelper.swift */ = {isa = PBXFileReference; lastKnownFileType = sourcecode.swift; path = DateFormattingHelper.swift; sourceTree = "<group>"; };
		B07F2C3E264EE24400987A10 /* CurrencyFormattingHelper.swift */ = {isa = PBXFileReference; lastKnownFileType = sourcecode.swift; path = CurrencyFormattingHelper.swift; sourceTree = "<group>"; };
		B07F2C42264EE2C400987A10 /* Locale+US.swift */ = {isa = PBXFileReference; lastKnownFileType = sourcecode.swift; path = "Locale+US.swift"; sourceTree = "<group>"; };
		B07F2C4A264EE3F700987A10 /* StockListAPIConstants.swift */ = {isa = PBXFileReference; lastKnownFileType = sourcecode.swift; path = StockListAPIConstants.swift; sourceTree = "<group>"; };
		B07F2C54264F0B0700987A10 /* XCTestCase+DummyResponse.swift */ = {isa = PBXFileReference; lastKnownFileType = sourcecode.swift; path = "XCTestCase+DummyResponse.swift"; sourceTree = "<group>"; };
		B07F2C5C264F0DA000987A10 /* SearchQueryService.swift */ = {isa = PBXFileReference; lastKnownFileType = sourcecode.swift; path = SearchQueryService.swift; sourceTree = "<group>"; };
		B07F2C67264F19CD00987A10 /* SearchQueryServiceTests.swift */ = {isa = PBXFileReference; fileEncoding = 4; lastKnownFileType = sourcecode.swift; path = SearchQueryServiceTests.swift; sourceTree = "<group>"; };
		B07F2C68264F19CD00987A10 /* StockListViewModelTests.swift */ = {isa = PBXFileReference; fileEncoding = 4; lastKnownFileType = sourcecode.swift; path = StockListViewModelTests.swift; sourceTree = "<group>"; };
		B07F2C6A264F19CD00987A10 /* StockClientTests.swift */ = {isa = PBXFileReference; fileEncoding = 4; lastKnownFileType = sourcecode.swift; path = StockClientTests.swift; sourceTree = "<group>"; };
		B07F2C7C264F1A7600987A10 /* StockDetailViewModelTests.swift */ = {isa = PBXFileReference; lastKnownFileType = sourcecode.swift; path = StockDetailViewModelTests.swift; sourceTree = "<group>"; };
		B0E19FB6264DE00800F0233E /* XCTestCase+MemoryLeak.swift */ = {isa = PBXFileReference; fileEncoding = 4; lastKnownFileType = sourcecode.swift; path = "XCTestCase+MemoryLeak.swift"; sourceTree = "<group>"; };
		B0ED383F264C525400AB2A9F /* AppDelegate.swift */ = {isa = PBXFileReference; fileEncoding = 4; lastKnownFileType = sourcecode.swift; path = AppDelegate.swift; sourceTree = "<group>"; };
		B0ED38C7264C5EAE00AB2A9F /* StoryboardHelper.swift */ = {isa = PBXFileReference; lastKnownFileType = sourcecode.swift; path = StoryboardHelper.swift; sourceTree = "<group>"; };
		DD8E6C75DAD579DEB84C280C /* Pods_FinanceStackApp.framework */ = {isa = PBXFileReference; explicitFileType = wrapper.framework; includeInIndex = 0; path = Pods_FinanceStackApp.framework; sourceTree = BUILT_PRODUCTS_DIR; };
		E1FF2337BB13DCB4A6D4DDB7 /* Pods-FinanceStackApp.release.xcconfig */ = {isa = PBXFileReference; includeInIndex = 1; lastKnownFileType = text.xcconfig; name = "Pods-FinanceStackApp.release.xcconfig"; path = "Target Support Files/Pods-FinanceStackApp/Pods-FinanceStackApp.release.xcconfig"; sourceTree = "<group>"; };
		FFAE0FA5F72023D1ED4E4850 /* Pods-FinanceStackAppTests.release.xcconfig */ = {isa = PBXFileReference; includeInIndex = 1; lastKnownFileType = text.xcconfig; name = "Pods-FinanceStackAppTests.release.xcconfig"; path = "Target Support Files/Pods-FinanceStackAppTests/Pods-FinanceStackAppTests.release.xcconfig"; sourceTree = "<group>"; };
/* End PBXFileReference section */

/* Begin PBXFrameworksBuildPhase section */
		B00AD97926468A400052E7A3 /* Frameworks */ = {
			isa = PBXFrameworksBuildPhase;
			buildActionMask = 2147483647;
			files = (
				1D7BD55516C803FEF312244E /* Pods_FinanceStackApp.framework in Frameworks */,
			);
			runOnlyForDeploymentPostprocessing = 0;
		};
		B00AD98F26468A410052E7A3 /* Frameworks */ = {
			isa = PBXFrameworksBuildPhase;
			buildActionMask = 2147483647;
			files = (
				024049D29FE355E209E14E89 /* Pods_FinanceStackAppTests.framework in Frameworks */,
			);
			runOnlyForDeploymentPostprocessing = 0;
		};
/* End PBXFrameworksBuildPhase section */

/* Begin PBXGroup section */
		1E8256639A1FEA95D4368B31 /* Frameworks */ = {
			isa = PBXGroup;
			children = (
				DD8E6C75DAD579DEB84C280C /* Pods_FinanceStackApp.framework */,
				6793ED1E74F2B0CDF357CA98 /* Pods_FinanceStackApp_FinanceStackAppUITests.framework */,
				4956D3CCB9EA76CD0C3532D1 /* Pods_FinanceStackAppTests.framework */,
			);
			name = Frameworks;
			sourceTree = "<group>";
		};
		B00AD97326468A400052E7A3 = {
			isa = PBXGroup;
			children = (
				B00AD97E26468A400052E7A3 /* FinanceStackApp */,
				B00AD99526468A410052E7A3 /* FinanceStackAppTests */,
				B00AD97D26468A400052E7A3 /* Products */,
				BF6DC6F0896EDA0F5FA28F65 /* Pods */,
				1E8256639A1FEA95D4368B31 /* Frameworks */,
			);
			sourceTree = "<group>";
		};
		B00AD97D26468A400052E7A3 /* Products */ = {
			isa = PBXGroup;
			children = (
				B00AD97C26468A400052E7A3 /* FinanceStackApp.app */,
				B00AD99226468A410052E7A3 /* FinanceStackAppTests.xctest */,
			);
			name = Products;
			sourceTree = "<group>";
		};
		B00AD97E26468A400052E7A3 /* FinanceStackApp */ = {
			isa = PBXGroup;
			children = (
				B07F2C12264EB8E100987A10 /* Modules */,
				B0ED38C6264C5E9C00AB2A9F /* Helpers */,
				B0ED383E264C525400AB2A9F /* AppKernel */,
				B00AD9EB26488F330052E7A3 /* Networking */,
				B00AD98526468A400052E7A3 /* Main.storyboard */,
				B00AD98826468A400052E7A3 /* Assets.xcassets */,
				B00AD98A26468A400052E7A3 /* LaunchScreen.storyboard */,
				B00AD98D26468A400052E7A3 /* Info.plist */,
			);
			path = FinanceStackApp;
			sourceTree = "<group>";
		};
		B00AD99526468A410052E7A3 /* FinanceStackAppTests */ = {
			isa = PBXGroup;
			children = (
				B06B7A02264FC4B200B3F3D9 /* Networking */,
				B07F2C64264F19CD00987A10 /* Modules */,
				B0E19FB5264DE00800F0233E /* Helper */,
				B00AD99826468A410052E7A3 /* Info.plist */,
			);
			path = FinanceStackAppTests;
			sourceTree = "<group>";
		};
		B00AD9E426487DF00052E7A3 /* Extensions */ = {
			isa = PBXGroup;
			children = (
				B00AD9E526487E150052E7A3 /* UITableViewCell+Reusable.swift */,
				B07F2C42264EE2C400987A10 /* Locale+US.swift */,
				B06B7A2F26504FEB00B3F3D9 /* Array+OptionalMinMax.swift */,
			);
			path = Extensions;
			sourceTree = "<group>";
		};
		B00AD9EB26488F330052E7A3 /* Networking */ = {
			isa = PBXGroup;
			children = (
				B06B7A15264FDE6700B3F3D9 /* ApiConstants.swift */,
				B00AD9EC26488F330052E7A3 /* APIConfiguration.swift */,
				B00AD9ED26488F330052E7A3 /* APIManagerInput.swift */,
				B00AD9EE26488F330052E7A3 /* APIManager.swift */,
				B06B79F6264FC43E00B3F3D9 /* URL+GetParams.swift */,
				B06B79FA264FC45A00B3F3D9 /* HTTPURLResponse+Success.swift */,
			);
			path = Networking;
			sourceTree = "<group>";
		};
		B06B7A02264FC4B200B3F3D9 /* Networking */ = {
			isa = PBXGroup;
			children = (
				B06B7A09264FC59700B3F3D9 /* URLProtocolSpy.swift */,
				B06B7A03264FC4BE00B3F3D9 /* APIManagerTests.swift */,
				B06B7A0F264FDAEE00B3F3D9 /* XCTestCase+DummyAPIResponse.swift */,
			);
			path = Networking;
			sourceTree = "<group>";
		};
		B06B7A352650554400B3F3D9 /* UI */ = {
			isa = PBXGroup;
			children = (
				B06B7A362650554400B3F3D9 /* StockDetailViewController.swift */,
			);
			path = UI;
			sourceTree = "<group>";
		};
		B06B7A372650554400B3F3D9 /* VM */ = {
			isa = PBXGroup;
			children = (
				B06B7A382650554400B3F3D9 /* StockDetailVM.swift */,
			);
			path = VM;
			sourceTree = "<group>";
		};
		B06B7A392650554400B3F3D9 /* Coodinator */ = {
			isa = PBXGroup;
			children = (
				B06B7A3A2650554400B3F3D9 /* StockDetailCoordinator.swift */,
			);
			path = Coodinator;
			sourceTree = "<group>";
		};
		B06B7A3B2650554400B3F3D9 /* ViewModel */ = {
			isa = PBXGroup;
			children = (
				B06B7A3C2650554400B3F3D9 /* StockDetailViewModel.swift */,
			);
			path = ViewModel;
			sourceTree = "<group>";
		};
		B07F2C12264EB8E100987A10 /* Modules */ = {
			isa = PBXGroup;
			children = (
				B07F2C14264EB8E100987A10 /* StockList */,
				B07F2C13264EB8E100987A10 /* StockDetail */,
			);
			path = Modules;
			sourceTree = "<group>";
		};
		B07F2C13264EB8E100987A10 /* StockDetail */ = {
			isa = PBXGroup;
			children = (
				B06B7A392650554400B3F3D9 /* Coodinator */,
				B06B7A352650554400B3F3D9 /* UI */,
				B06B7A3B2650554400B3F3D9 /* ViewModel */,
				B06B7A372650554400B3F3D9 /* VM */,
			);
			path = StockDetail;
			sourceTree = "<group>";
		};
		B07F2C14264EB8E100987A10 /* StockList */ = {
			isa = PBXGroup;
			children = (
				B07F2C5C264F0DA000987A10 /* SearchQueryService.swift */,
				B07F2C15264EB8E100987A10 /* ViewModel */,
				B07F2C17264EB8E100987A10 /* UI */,
				B07F2C1A264EB8E100987A10 /* VM */,
				B07F2C1C264EB8E100987A10 /* API */,
				B07F2C21264EB8E100987A10 /* Coodinator */,
			);
			path = StockList;
			sourceTree = "<group>";
		};
		B07F2C15264EB8E100987A10 /* ViewModel */ = {
			isa = PBXGroup;
			children = (
				B07F2C16264EB8E100987A10 /* StockListViewModel.swift */,
				B06B7A21264FF0F100B3F3D9 /* StockViewState.swift */,
				B06B7A25264FF10900B3F3D9 /* Array+StockModel.swift */,
			);
			path = ViewModel;
			sourceTree = "<group>";
		};
		B07F2C17264EB8E100987A10 /* UI */ = {
			isa = PBXGroup;
			children = (
				B07F2C18264EB8E100987A10 /* StockListCell.swift */,
				B07F2C19264EB8E100987A10 /* StockListViewController.swift */,
			);
			path = UI;
			sourceTree = "<group>";
		};
		B07F2C1A264EB8E100987A10 /* VM */ = {
			isa = PBXGroup;
			children = (
				B07F2C1B264EB8E100987A10 /* StockViewModel.swift */,
			);
			path = VM;
			sourceTree = "<group>";
		};
		B07F2C1C264EB8E100987A10 /* API */ = {
			isa = PBXGroup;
			children = (
				B07F2C1D264EB8E100987A10 /* StockListResponse.swift */,
				B07F2C1E264EB8E100987A10 /* StockListAPIConfiguration.swift */,
				B07F2C4A264EE3F700987A10 /* StockListAPIConstants.swift */,
				B07F2C1F264EB8E100987A10 /* StockClient.swift */,
				B07F2C20264EB8E100987A10 /* StockListClient.swift */,
			);
			path = API;
			sourceTree = "<group>";
		};
		B07F2C21264EB8E100987A10 /* Coodinator */ = {
			isa = PBXGroup;
			children = (
				B07F2C22264EB8E100987A10 /* StockListCoordinator.swift */,
			);
			path = Coodinator;
			sourceTree = "<group>";
		};
		B07F2C64264F19CD00987A10 /* Modules */ = {
			isa = PBXGroup;
			children = (
				B07F2C7B264F1A6A00987A10 /* StockDetail */,
				B07F2C65264F19CD00987A10 /* StockList */,
			);
			path = Modules;
			sourceTree = "<group>";
		};
		B07F2C65264F19CD00987A10 /* StockList */ = {
			isa = PBXGroup;
			children = (
				B07F2C66264F19CD00987A10 /* ViewModel */,
				B07F2C69264F19CD00987A10 /* API */,
			);
			path = StockList;
			sourceTree = "<group>";
		};
		B07F2C66264F19CD00987A10 /* ViewModel */ = {
			isa = PBXGroup;
			children = (
				B07F2C67264F19CD00987A10 /* SearchQueryServiceTests.swift */,
				B07F2C68264F19CD00987A10 /* StockListViewModelTests.swift */,
			);
			path = ViewModel;
			sourceTree = "<group>";
		};
		B07F2C69264F19CD00987A10 /* API */ = {
			isa = PBXGroup;
			children = (
				B07F2C6A264F19CD00987A10 /* StockClientTests.swift */,
			);
			path = API;
			sourceTree = "<group>";
		};
		B07F2C7B264F1A6A00987A10 /* StockDetail */ = {
			isa = PBXGroup;
			children = (
				B07F2C7C264F1A7600987A10 /* StockDetailViewModelTests.swift */,
			);
			path = StockDetail;
			sourceTree = "<group>";
		};
		B0E19FB5264DE00800F0233E /* Helper */ = {
			isa = PBXGroup;
			children = (
				B0E19FB6264DE00800F0233E /* XCTestCase+MemoryLeak.swift */,
				B07F2C54264F0B0700987A10 /* XCTestCase+DummyResponse.swift */,
			);
			path = Helper;
			sourceTree = "<group>";
		};
		B0ED383E264C525400AB2A9F /* AppKernel */ = {
			isa = PBXGroup;
			children = (
				B0ED383F264C525400AB2A9F /* AppDelegate.swift */,
			);
			path = AppKernel;
			sourceTree = "<group>";
		};
		B0ED38C6264C5E9C00AB2A9F /* Helpers */ = {
			isa = PBXGroup;
			children = (
				B07F2C05264EB6FE00987A10 /* Coordinator.swift */,
				B07F2C3E264EE24400987A10 /* CurrencyFormattingHelper.swift */,
				B07F2C3A264EE0DD00987A10 /* DateFormattingHelper.swift */,
				B0ED38C7264C5EAE00AB2A9F /* StoryboardHelper.swift */,
				B00AD9E426487DF00052E7A3 /* Extensions */,
			);
			path = Helpers;
			sourceTree = "<group>";
		};
		BF6DC6F0896EDA0F5FA28F65 /* Pods */ = {
			isa = PBXGroup;
			children = (
				3DDB8E2460B9A0B5FABA5367 /* Pods-FinanceStackApp.debug.xcconfig */,
				E1FF2337BB13DCB4A6D4DDB7 /* Pods-FinanceStackApp.release.xcconfig */,
				967D4DD11DB86CABD887A12D /* Pods-FinanceStackApp-FinanceStackAppUITests.debug.xcconfig */,
				45BB767C201E5E30213DB354 /* Pods-FinanceStackApp-FinanceStackAppUITests.release.xcconfig */,
				630BB5CB1F4239C7DF77D1AD /* Pods-FinanceStackAppTests.debug.xcconfig */,
				FFAE0FA5F72023D1ED4E4850 /* Pods-FinanceStackAppTests.release.xcconfig */,
			);
			path = Pods;
			sourceTree = "<group>";
		};
/* End PBXGroup section */

/* Begin PBXNativeTarget section */
		B00AD97B26468A400052E7A3 /* FinanceStackApp */ = {
			isa = PBXNativeTarget;
			buildConfigurationList = B00AD9A626468A410052E7A3 /* Build configuration list for PBXNativeTarget "FinanceStackApp" */;
			buildPhases = (
				210533146BB850117AA2C7AE /* [CP] Check Pods Manifest.lock */,
				B00AD97826468A400052E7A3 /* Sources */,
				B00AD97926468A400052E7A3 /* Frameworks */,
				B00AD97A26468A400052E7A3 /* Resources */,
				187AA9807E4CB58A6EFC7A54 /* [CP] Embed Pods Frameworks */,
			);
			buildRules = (
			);
			dependencies = (
			);
			name = FinanceStackApp;
			productName = FinanceStackApp;
			productReference = B00AD97C26468A400052E7A3 /* FinanceStackApp.app */;
			productType = "com.apple.product-type.application";
		};
		B00AD99126468A410052E7A3 /* FinanceStackAppTests */ = {
			isa = PBXNativeTarget;
			buildConfigurationList = B00AD9A926468A410052E7A3 /* Build configuration list for PBXNativeTarget "FinanceStackAppTests" */;
			buildPhases = (
				BE1F8E87612CF840DF692109 /* [CP] Check Pods Manifest.lock */,
				B00AD98E26468A410052E7A3 /* Sources */,
				B00AD98F26468A410052E7A3 /* Frameworks */,
				B00AD99026468A410052E7A3 /* Resources */,
				B2BB2434BB003817E029D29E /* [CP] Embed Pods Frameworks */,
			);
			buildRules = (
			);
			dependencies = (
				B00AD99426468A410052E7A3 /* PBXTargetDependency */,
			);
			name = FinanceStackAppTests;
			productName = FinanceStackAppTests;
			productReference = B00AD99226468A410052E7A3 /* FinanceStackAppTests.xctest */;
			productType = "com.apple.product-type.bundle.unit-test";
		};
/* End PBXNativeTarget section */

/* Begin PBXProject section */
		B00AD97426468A400052E7A3 /* Project object */ = {
			isa = PBXProject;
			attributes = {
				LastSwiftUpdateCheck = 1230;
				LastUpgradeCheck = 1230;
				TargetAttributes = {
					B00AD97B26468A400052E7A3 = {
						CreatedOnToolsVersion = 12.3;
					};
					B00AD99126468A410052E7A3 = {
						CreatedOnToolsVersion = 12.3;
						TestTargetID = B00AD97B26468A400052E7A3;
					};
				};
			};
			buildConfigurationList = B00AD97726468A400052E7A3 /* Build configuration list for PBXProject "FinanceStackApp" */;
			compatibilityVersion = "Xcode 9.3";
			developmentRegion = en;
			hasScannedForEncodings = 0;
			knownRegions = (
				en,
				Base,
			);
			mainGroup = B00AD97326468A400052E7A3;
			productRefGroup = B00AD97D26468A400052E7A3 /* Products */;
			projectDirPath = "";
			projectRoot = "";
			targets = (
				B00AD97B26468A400052E7A3 /* FinanceStackApp */,
				B00AD99126468A410052E7A3 /* FinanceStackAppTests */,
			);
		};
/* End PBXProject section */

/* Begin PBXResourcesBuildPhase section */
		B00AD97A26468A400052E7A3 /* Resources */ = {
			isa = PBXResourcesBuildPhase;
			buildActionMask = 2147483647;
			files = (
				B00AD98C26468A400052E7A3 /* LaunchScreen.storyboard in Resources */,
				B00AD98926468A400052E7A3 /* Assets.xcassets in Resources */,
				B00AD98726468A400052E7A3 /* Main.storyboard in Resources */,
			);
			runOnlyForDeploymentPostprocessing = 0;
		};
		B00AD99026468A410052E7A3 /* Resources */ = {
			isa = PBXResourcesBuildPhase;
			buildActionMask = 2147483647;
			files = (
			);
			runOnlyForDeploymentPostprocessing = 0;
		};
/* End PBXResourcesBuildPhase section */

/* Begin PBXShellScriptBuildPhase section */
		187AA9807E4CB58A6EFC7A54 /* [CP] Embed Pods Frameworks */ = {
			isa = PBXShellScriptBuildPhase;
			buildActionMask = 2147483647;
			files = (
			);
			inputFileListPaths = (
				"${PODS_ROOT}/Target Support Files/Pods-FinanceStackApp/Pods-FinanceStackApp-frameworks-${CONFIGURATION}-input-files.xcfilelist",
			);
			name = "[CP] Embed Pods Frameworks";
			outputFileListPaths = (
				"${PODS_ROOT}/Target Support Files/Pods-FinanceStackApp/Pods-FinanceStackApp-frameworks-${CONFIGURATION}-output-files.xcfilelist",
			);
			runOnlyForDeploymentPostprocessing = 0;
			shellPath = /bin/sh;
			shellScript = "\"${PODS_ROOT}/Target Support Files/Pods-FinanceStackApp/Pods-FinanceStackApp-frameworks.sh\"\n";
			showEnvVarsInLog = 0;
		};
		210533146BB850117AA2C7AE /* [CP] Check Pods Manifest.lock */ = {
			isa = PBXShellScriptBuildPhase;
			buildActionMask = 2147483647;
			files = (
			);
			inputFileListPaths = (
			);
			inputPaths = (
				"${PODS_PODFILE_DIR_PATH}/Podfile.lock",
				"${PODS_ROOT}/Manifest.lock",
			);
			name = "[CP] Check Pods Manifest.lock";
			outputFileListPaths = (
			);
			outputPaths = (
				"$(DERIVED_FILE_DIR)/Pods-FinanceStackApp-checkManifestLockResult.txt",
			);
			runOnlyForDeploymentPostprocessing = 0;
			shellPath = /bin/sh;
			shellScript = "diff \"${PODS_PODFILE_DIR_PATH}/Podfile.lock\" \"${PODS_ROOT}/Manifest.lock\" > /dev/null\nif [ $? != 0 ] ; then\n    # print error to STDERR\n    echo \"error: The sandbox is not in sync with the Podfile.lock. Run 'pod install' or update your CocoaPods installation.\" >&2\n    exit 1\nfi\n# This output is used by Xcode 'outputs' to avoid re-running this script phase.\necho \"SUCCESS\" > \"${SCRIPT_OUTPUT_FILE_0}\"\n";
			showEnvVarsInLog = 0;
		};
		B2BB2434BB003817E029D29E /* [CP] Embed Pods Frameworks */ = {
			isa = PBXShellScriptBuildPhase;
			buildActionMask = 2147483647;
			files = (
			);
			inputFileListPaths = (
				"${PODS_ROOT}/Target Support Files/Pods-FinanceStackAppTests/Pods-FinanceStackAppTests-frameworks-${CONFIGURATION}-input-files.xcfilelist",
			);
			name = "[CP] Embed Pods Frameworks";
			outputFileListPaths = (
				"${PODS_ROOT}/Target Support Files/Pods-FinanceStackAppTests/Pods-FinanceStackAppTests-frameworks-${CONFIGURATION}-output-files.xcfilelist",
			);
			runOnlyForDeploymentPostprocessing = 0;
			shellPath = /bin/sh;
			shellScript = "\"${PODS_ROOT}/Target Support Files/Pods-FinanceStackAppTests/Pods-FinanceStackAppTests-frameworks.sh\"\n";
			showEnvVarsInLog = 0;
		};
		BE1F8E87612CF840DF692109 /* [CP] Check Pods Manifest.lock */ = {
			isa = PBXShellScriptBuildPhase;
			buildActionMask = 2147483647;
			files = (
			);
			inputFileListPaths = (
			);
			inputPaths = (
				"${PODS_PODFILE_DIR_PATH}/Podfile.lock",
				"${PODS_ROOT}/Manifest.lock",
			);
			name = "[CP] Check Pods Manifest.lock";
			outputFileListPaths = (
			);
			outputPaths = (
				"$(DERIVED_FILE_DIR)/Pods-FinanceStackAppTests-checkManifestLockResult.txt",
			);
			runOnlyForDeploymentPostprocessing = 0;
			shellPath = /bin/sh;
			shellScript = "diff \"${PODS_PODFILE_DIR_PATH}/Podfile.lock\" \"${PODS_ROOT}/Manifest.lock\" > /dev/null\nif [ $? != 0 ] ; then\n    # print error to STDERR\n    echo \"error: The sandbox is not in sync with the Podfile.lock. Run 'pod install' or update your CocoaPods installation.\" >&2\n    exit 1\nfi\n# This output is used by Xcode 'outputs' to avoid re-running this script phase.\necho \"SUCCESS\" > \"${SCRIPT_OUTPUT_FILE_0}\"\n";
			showEnvVarsInLog = 0;
		};
/* End PBXShellScriptBuildPhase section */

/* Begin PBXSourcesBuildPhase section */
		B00AD97826468A400052E7A3 /* Sources */ = {
			isa = PBXSourcesBuildPhase;
			buildActionMask = 2147483647;
			files = (
				B06B7A16264FDE6700B3F3D9 /* ApiConstants.swift in Sources */,
				B07F2C06264EB6FE00987A10 /* Coordinator.swift in Sources */,
				B0ED38C8264C5EAE00AB2A9F /* StoryboardHelper.swift in Sources */,
				B0ED3844264C525400AB2A9F /* AppDelegate.swift in Sources */,
				B06B7A3F2650554400B3F3D9 /* StockDetailCoordinator.swift in Sources */,
				B07F2C29264EB8E100987A10 /* StockClient.swift in Sources */,
				B07F2C26264EB8E100987A10 /* StockViewModel.swift in Sources */,
				B06B7A402650554400B3F3D9 /* StockDetailViewModel.swift in Sources */,
				B06B7A3E2650554400B3F3D9 /* StockDetailVM.swift in Sources */,
				B07F2C24264EB8E100987A10 /* StockListCell.swift in Sources */,
				B06B79FB264FC45A00B3F3D9 /* HTTPURLResponse+Success.swift in Sources */,
				B00AD9F126488F330052E7A3 /* APIManager.swift in Sources */,
				B07F2C43264EE2C400987A10 /* Locale+US.swift in Sources */,
				B00AD9F026488F330052E7A3 /* APIManagerInput.swift in Sources */,
				B07F2C5D264F0DA000987A10 /* SearchQueryService.swift in Sources */,
				B00AD9EF26488F330052E7A3 /* APIConfiguration.swift in Sources */,
				B07F2C2B264EB8E100987A10 /* StockListCoordinator.swift in Sources */,
				B00AD9E626487E150052E7A3 /* UITableViewCell+Reusable.swift in Sources */,
				B06B7A3026504FEB00B3F3D9 /* Array+OptionalMinMax.swift in Sources */,
				B06B7A3D2650554400B3F3D9 /* StockDetailViewController.swift in Sources */,
				B07F2C28264EB8E100987A10 /* StockListAPIConfiguration.swift in Sources */,
				B07F2C4B264EE3F700987A10 /* StockListAPIConstants.swift in Sources */,
				B07F2C27264EB8E100987A10 /* StockListResponse.swift in Sources */,
				B06B79F7264FC43E00B3F3D9 /* URL+GetParams.swift in Sources */,
				B07F2C23264EB8E100987A10 /* StockListViewModel.swift in Sources */,
				B07F2C3B264EE0DD00987A10 /* DateFormattingHelper.swift in Sources */,
				B07F2C3F264EE24400987A10 /* CurrencyFormattingHelper.swift in Sources */,
				B07F2C2A264EB8E100987A10 /* StockListClient.swift in Sources */,
				B06B7A22264FF0F100B3F3D9 /* StockViewState.swift in Sources */,
				B06B7A26264FF10900B3F3D9 /* Array+StockModel.swift in Sources */,
				B07F2C25264EB8E100987A10 /* StockListViewController.swift in Sources */,
			);
			runOnlyForDeploymentPostprocessing = 0;
		};
		B00AD98E26468A410052E7A3 /* Sources */ = {
			isa = PBXSourcesBuildPhase;
			buildActionMask = 2147483647;
			files = (
				B06B7A10264FDAEE00B3F3D9 /* XCTestCase+DummyAPIResponse.swift in Sources */,
				B06B7A0A264FC59700B3F3D9 /* URLProtocolSpy.swift in Sources */,
				B0E19FB7264DE00800F0233E /* XCTestCase+MemoryLeak.swift in Sources */,
				B07F2C6B264F19CD00987A10 /* SearchQueryServiceTests.swift in Sources */,
				B07F2C6D264F19CD00987A10 /* StockClientTests.swift in Sources */,
				B07F2C55264F0B0700987A10 /* XCTestCase+DummyResponse.swift in Sources */,
				B07F2C7D264F1A7600987A10 /* StockDetailViewModelTests.swift in Sources */,
				B07F2C6C264F19CD00987A10 /* StockListViewModelTests.swift in Sources */,
				B06B7A04264FC4BE00B3F3D9 /* APIManagerTests.swift in Sources */,
			);
			runOnlyForDeploymentPostprocessing = 0;
		};
/* End PBXSourcesBuildPhase section */

/* Begin PBXTargetDependency section */
		B00AD99426468A410052E7A3 /* PBXTargetDependency */ = {
			isa = PBXTargetDependency;
			target = B00AD97B26468A400052E7A3 /* FinanceStackApp */;
			targetProxy = B00AD99326468A410052E7A3 /* PBXContainerItemProxy */;
		};
/* End PBXTargetDependency section */

/* Begin PBXVariantGroup section */
		B00AD98526468A400052E7A3 /* Main.storyboard */ = {
			isa = PBXVariantGroup;
			children = (
				B00AD98626468A400052E7A3 /* Base */,
			);
			name = Main.storyboard;
			sourceTree = "<group>";
		};
		B00AD98A26468A400052E7A3 /* LaunchScreen.storyboard */ = {
			isa = PBXVariantGroup;
			children = (
				B00AD98B26468A400052E7A3 /* Base */,
			);
			name = LaunchScreen.storyboard;
			sourceTree = "<group>";
		};
/* End PBXVariantGroup section */

/* Begin XCBuildConfiguration section */
		B00AD9A426468A410052E7A3 /* Debug */ = {
			isa = XCBuildConfiguration;
			buildSettings = {
				ALWAYS_SEARCH_USER_PATHS = NO;
				CLANG_ANALYZER_NONNULL = YES;
				CLANG_ANALYZER_NUMBER_OBJECT_CONVERSION = YES_AGGRESSIVE;
				CLANG_CXX_LANGUAGE_STANDARD = "gnu++14";
				CLANG_CXX_LIBRARY = "libc++";
				CLANG_ENABLE_MODULES = YES;
				CLANG_ENABLE_OBJC_ARC = YES;
				CLANG_ENABLE_OBJC_WEAK = YES;
				CLANG_WARN_BLOCK_CAPTURE_AUTORELEASING = YES;
				CLANG_WARN_BOOL_CONVERSION = YES;
				CLANG_WARN_COMMA = YES;
				CLANG_WARN_CONSTANT_CONVERSION = YES;
				CLANG_WARN_DEPRECATED_OBJC_IMPLEMENTATIONS = YES;
				CLANG_WARN_DIRECT_OBJC_ISA_USAGE = YES_ERROR;
				CLANG_WARN_DOCUMENTATION_COMMENTS = YES;
				CLANG_WARN_EMPTY_BODY = YES;
				CLANG_WARN_ENUM_CONVERSION = YES;
				CLANG_WARN_INFINITE_RECURSION = YES;
				CLANG_WARN_INT_CONVERSION = YES;
				CLANG_WARN_NON_LITERAL_NULL_CONVERSION = YES;
				CLANG_WARN_OBJC_IMPLICIT_RETAIN_SELF = YES;
				CLANG_WARN_OBJC_LITERAL_CONVERSION = YES;
				CLANG_WARN_OBJC_ROOT_CLASS = YES_ERROR;
				CLANG_WARN_QUOTED_INCLUDE_IN_FRAMEWORK_HEADER = YES;
				CLANG_WARN_RANGE_LOOP_ANALYSIS = YES;
				CLANG_WARN_STRICT_PROTOTYPES = YES;
				CLANG_WARN_SUSPICIOUS_MOVE = YES;
				CLANG_WARN_UNGUARDED_AVAILABILITY = YES_AGGRESSIVE;
				CLANG_WARN_UNREACHABLE_CODE = YES;
				CLANG_WARN__DUPLICATE_METHOD_MATCH = YES;
				COPY_PHASE_STRIP = NO;
				DEBUG_INFORMATION_FORMAT = dwarf;
				ENABLE_STRICT_OBJC_MSGSEND = YES;
				ENABLE_TESTABILITY = YES;
				GCC_C_LANGUAGE_STANDARD = gnu11;
				GCC_DYNAMIC_NO_PIC = NO;
				GCC_NO_COMMON_BLOCKS = YES;
				GCC_OPTIMIZATION_LEVEL = 0;
				GCC_PREPROCESSOR_DEFINITIONS = (
					"DEBUG=1",
					"$(inherited)",
				);
				GCC_WARN_64_TO_32_BIT_CONVERSION = YES;
				GCC_WARN_ABOUT_RETURN_TYPE = YES_ERROR;
				GCC_WARN_UNDECLARED_SELECTOR = YES;
				GCC_WARN_UNINITIALIZED_AUTOS = YES_AGGRESSIVE;
				GCC_WARN_UNUSED_FUNCTION = YES;
				GCC_WARN_UNUSED_VARIABLE = YES;
				IPHONEOS_DEPLOYMENT_TARGET = 14.3;
				MTL_ENABLE_DEBUG_INFO = INCLUDE_SOURCE;
				MTL_FAST_MATH = YES;
				ONLY_ACTIVE_ARCH = YES;
				SDKROOT = iphoneos;
				SWIFT_ACTIVE_COMPILATION_CONDITIONS = DEBUG;
				SWIFT_OPTIMIZATION_LEVEL = "-Onone";
			};
			name = Debug;
		};
		B00AD9A526468A410052E7A3 /* Release */ = {
			isa = XCBuildConfiguration;
			buildSettings = {
				ALWAYS_SEARCH_USER_PATHS = NO;
				CLANG_ANALYZER_NONNULL = YES;
				CLANG_ANALYZER_NUMBER_OBJECT_CONVERSION = YES_AGGRESSIVE;
				CLANG_CXX_LANGUAGE_STANDARD = "gnu++14";
				CLANG_CXX_LIBRARY = "libc++";
				CLANG_ENABLE_MODULES = YES;
				CLANG_ENABLE_OBJC_ARC = YES;
				CLANG_ENABLE_OBJC_WEAK = YES;
				CLANG_WARN_BLOCK_CAPTURE_AUTORELEASING = YES;
				CLANG_WARN_BOOL_CONVERSION = YES;
				CLANG_WARN_COMMA = YES;
				CLANG_WARN_CONSTANT_CONVERSION = YES;
				CLANG_WARN_DEPRECATED_OBJC_IMPLEMENTATIONS = YES;
				CLANG_WARN_DIRECT_OBJC_ISA_USAGE = YES_ERROR;
				CLANG_WARN_DOCUMENTATION_COMMENTS = YES;
				CLANG_WARN_EMPTY_BODY = YES;
				CLANG_WARN_ENUM_CONVERSION = YES;
				CLANG_WARN_INFINITE_RECURSION = YES;
				CLANG_WARN_INT_CONVERSION = YES;
				CLANG_WARN_NON_LITERAL_NULL_CONVERSION = YES;
				CLANG_WARN_OBJC_IMPLICIT_RETAIN_SELF = YES;
				CLANG_WARN_OBJC_LITERAL_CONVERSION = YES;
				CLANG_WARN_OBJC_ROOT_CLASS = YES_ERROR;
				CLANG_WARN_QUOTED_INCLUDE_IN_FRAMEWORK_HEADER = YES;
				CLANG_WARN_RANGE_LOOP_ANALYSIS = YES;
				CLANG_WARN_STRICT_PROTOTYPES = YES;
				CLANG_WARN_SUSPICIOUS_MOVE = YES;
				CLANG_WARN_UNGUARDED_AVAILABILITY = YES_AGGRESSIVE;
				CLANG_WARN_UNREACHABLE_CODE = YES;
				CLANG_WARN__DUPLICATE_METHOD_MATCH = YES;
				COPY_PHASE_STRIP = NO;
				DEBUG_INFORMATION_FORMAT = "dwarf-with-dsym";
				ENABLE_NS_ASSERTIONS = NO;
				ENABLE_STRICT_OBJC_MSGSEND = YES;
				GCC_C_LANGUAGE_STANDARD = gnu11;
				GCC_NO_COMMON_BLOCKS = YES;
				GCC_WARN_64_TO_32_BIT_CONVERSION = YES;
				GCC_WARN_ABOUT_RETURN_TYPE = YES_ERROR;
				GCC_WARN_UNDECLARED_SELECTOR = YES;
				GCC_WARN_UNINITIALIZED_AUTOS = YES_AGGRESSIVE;
				GCC_WARN_UNUSED_FUNCTION = YES;
				GCC_WARN_UNUSED_VARIABLE = YES;
				IPHONEOS_DEPLOYMENT_TARGET = 14.3;
				MTL_ENABLE_DEBUG_INFO = NO;
				MTL_FAST_MATH = YES;
				SDKROOT = iphoneos;
				SWIFT_COMPILATION_MODE = wholemodule;
				SWIFT_OPTIMIZATION_LEVEL = "-O";
				VALIDATE_PRODUCT = YES;
			};
			name = Release;
		};
		B00AD9A726468A410052E7A3 /* Debug */ = {
			isa = XCBuildConfiguration;
			baseConfigurationReference = 3DDB8E2460B9A0B5FABA5367 /* Pods-FinanceStackApp.debug.xcconfig */;
			buildSettings = {
				ASSETCATALOG_COMPILER_APPICON_NAME = AppIcon;
				ASSETCATALOG_COMPILER_GLOBAL_ACCENT_COLOR_NAME = AccentColor;
				CODE_SIGN_STYLE = Automatic;
				GCC_GENERATE_TEST_COVERAGE_FILES = YES;
				INFOPLIST_FILE = FinanceStackApp/Info.plist;
				IPHONEOS_DEPLOYMENT_TARGET = 12.0;
				LD_RUNPATH_SEARCH_PATHS = (
					"$(inherited)",
					"@executable_path/Frameworks",
				);
				PRODUCT_BUNDLE_IDENTIFIER = FinanceStack.FinanceStackApp;
				PRODUCT_NAME = "$(TARGET_NAME)";
				SWIFT_VERSION = 5.0;
				TARGETED_DEVICE_FAMILY = "1,2";
			};
			name = Debug;
		};
		B00AD9A826468A410052E7A3 /* Release */ = {
			isa = XCBuildConfiguration;
			baseConfigurationReference = E1FF2337BB13DCB4A6D4DDB7 /* Pods-FinanceStackApp.release.xcconfig */;
			buildSettings = {
				ASSETCATALOG_COMPILER_APPICON_NAME = AppIcon;
				ASSETCATALOG_COMPILER_GLOBAL_ACCENT_COLOR_NAME = AccentColor;
				CODE_SIGN_STYLE = Automatic;
				GCC_GENERATE_TEST_COVERAGE_FILES = YES;
				INFOPLIST_FILE = FinanceStackApp/Info.plist;
				IPHONEOS_DEPLOYMENT_TARGET = 12.0;
				LD_RUNPATH_SEARCH_PATHS = (
					"$(inherited)",
					"@executable_path/Frameworks",
				);
				PRODUCT_BUNDLE_IDENTIFIER = FinanceStack.FinanceStackApp;
				PRODUCT_NAME = "$(TARGET_NAME)";
				SWIFT_VERSION = 5.0;
				TARGETED_DEVICE_FAMILY = "1,2";
			};
			name = Release;
		};
		B00AD9AA26468A410052E7A3 /* Debug */ = {
			isa = XCBuildConfiguration;
			baseConfigurationReference = 630BB5CB1F4239C7DF77D1AD /* Pods-FinanceStackAppTests.debug.xcconfig */;
			buildSettings = {
				ALWAYS_EMBED_SWIFT_STANDARD_LIBRARIES = YES;
				BUNDLE_LOADER = "$(TEST_HOST)";
				CODE_SIGN_STYLE = Automatic;
				INFOPLIST_FILE = FinanceStackAppTests/Info.plist;
				IPHONEOS_DEPLOYMENT_TARGET = 14.3;
				LD_RUNPATH_SEARCH_PATHS = (
					"$(inherited)",
					"@executable_path/Frameworks",
					"@loader_path/Frameworks",
				);
				PRODUCT_BUNDLE_IDENTIFIER = FinanceStack.FinanceStackAppTests;
				PRODUCT_NAME = "$(TARGET_NAME)";
				SWIFT_VERSION = 5.0;
				TARGETED_DEVICE_FAMILY = "1,2";
				TEST_HOST = "$(BUILT_PRODUCTS_DIR)/FinanceStackApp.app/FinanceStackApp";
			};
			name = Debug;
		};
		B00AD9AB26468A410052E7A3 /* Release */ = {
			isa = XCBuildConfiguration;
			baseConfigurationReference = FFAE0FA5F72023D1ED4E4850 /* Pods-FinanceStackAppTests.release.xcconfig */;
			buildSettings = {
				ALWAYS_EMBED_SWIFT_STANDARD_LIBRARIES = YES;
				BUNDLE_LOADER = "$(TEST_HOST)";
				CODE_SIGN_STYLE = Automatic;
				INFOPLIST_FILE = FinanceStackAppTests/Info.plist;
				IPHONEOS_DEPLOYMENT_TARGET = 14.3;
				LD_RUNPATH_SEARCH_PATHS = (
					"$(inherited)",
					"@executable_path/Frameworks",
					"@loader_path/Frameworks",
				);
				PRODUCT_BUNDLE_IDENTIFIER = FinanceStack.FinanceStackAppTests;
				PRODUCT_NAME = "$(TARGET_NAME)";
				SWIFT_VERSION = 5.0;
				TARGETED_DEVICE_FAMILY = "1,2";
				TEST_HOST = "$(BUILT_PRODUCTS_DIR)/FinanceStackApp.app/FinanceStackApp";
			};
			name = Release;
		};
/* End XCBuildConfiguration section */

/* Begin XCConfigurationList section */
		B00AD97726468A400052E7A3 /* Build configuration list for PBXProject "FinanceStackApp" */ = {
			isa = XCConfigurationList;
			buildConfigurations = (
				B00AD9A426468A410052E7A3 /* Debug */,
				B00AD9A526468A410052E7A3 /* Release */,
			);
			defaultConfigurationIsVisible = 0;
			defaultConfigurationName = Release;
		};
		B00AD9A626468A410052E7A3 /* Build configuration list for PBXNativeTarget "FinanceStackApp" */ = {
			isa = XCConfigurationList;
			buildConfigurations = (
				B00AD9A726468A410052E7A3 /* Debug */,
				B00AD9A826468A410052E7A3 /* Release */,
			);
			defaultConfigurationIsVisible = 0;
			defaultConfigurationName = Release;
		};
		B00AD9A926468A410052E7A3 /* Build configuration list for PBXNativeTarget "FinanceStackAppTests" */ = {
			isa = XCConfigurationList;
			buildConfigurations = (
				B00AD9AA26468A410052E7A3 /* Debug */,
				B00AD9AB26468A410052E7A3 /* Release */,
			);
			defaultConfigurationIsVisible = 0;
			defaultConfigurationName = Release;
		};
/* End XCConfigurationList section */
	};
	rootObject = B00AD97426468A400052E7A3 /* Project object */;
}
